
Microsoft Visual Studio Solution File, Format Version 12.00
# Visual Studio Version 17
VisualStudioVersion = 17.0.31919.166
MinimumVisualStudioVersion = 10.0.40219.1
Project("{FAE04EC0-301F-11D3-BF4B-00C04F79EFBC}") = "libraryApi", "libraryApi.csproj", "{4579D910-B3DD-4176-ADB8-EA0A7606B786}"
EndProject
Global
	GlobalSection(SolutionConfigurationPlatforms) = preSolution
		Debug|Any CPU = Debug|Any CPU
		Release|Any CPU = Release|Any CPU
	EndGlobalSection
	GlobalSection(ProjectConfigurationPlatforms) = postSolution
		{4579D910-B3DD-4176-ADB8-EA0A7606B786}.Debug|Any CPU.ActiveCfg = Debug|Any CPU
		{4579D910-B3DD-4176-ADB8-EA0A7606B786}.Debug|Any CPU.Build.0 = Debug|Any CPU
		{4579D910-B3DD-4176-ADB8-EA0A7606B786}.Release|Any CPU.ActiveCfg = Release|Any CPU
		{4579D910-B3DD-4176-ADB8-EA0A7606B786}.Release|Any CPU.Build.0 = Release|Any CPU
	EndGlobalSection
	GlobalSection(SolutionProperties) = preSolution
		HideSolutionNode = FALSE
	EndGlobalSection
	GlobalSection(ExtensibilityGlobals) = postSolution
		SolutionGuid = {D25F47E7-D160-434E-A0DF-30B11D2457A9}
	EndGlobalSection
EndGlobal
